
Microsoft Visual Studio Solution File, Format Version 11.00
# Visual Studio 2010
Project("{FAE04EC0-301F-11D3-BF4B-00C04F79EFBC}") = "Assembly-CSharp", "Assembly-CSharp.csproj", "{b29afb23-70e8-7c3d-362d-343837b4b0d9}"
EndProject
Project("{FAE04EC0-301F-11D3-BF4B-00C04F79EFBC}") = "ScriptInspector", "ScriptInspector.csproj", "{dce5a406-60f0-1156-b682-54eb266c438e}"
EndProject
Global
	GlobalSection(SolutionConfigurationPlatforms) = preSolution
		Debug|Any CPU = Debug|Any CPU
	EndGlobalSection
	GlobalSection(ProjectConfigurationPlatforms) = postSolution
		{b29afb23-70e8-7c3d-362d-343837b4b0d9}.Debug|Any CPU.ActiveCfg = Debug|Any CPU
		{b29afb23-70e8-7c3d-362d-343837b4b0d9}.Debug|Any CPU.Build.0 = Debug|Any CPU
		{dce5a406-60f0-1156-b682-54eb266c438e}.Debug|Any CPU.ActiveCfg = Debug|Any CPU
		{dce5a406-60f0-1156-b682-54eb266c438e}.Debug|Any CPU.Build.0 = Debug|Any CPU
	EndGlobalSection
	GlobalSection(SolutionProperties) = preSolution
		HideSolutionNode = FALSE
	EndGlobalSection
EndGlobal
