
Microsoft Visual Studio Solution File, Format Version 12.00
# Visual Studio 15
Project("{FAE04EC0-301F-11D3-BF4B-00C04F79EFBC}") = "Assembly-CSharp", "Assembly-CSharp.csproj", "{23FB9AB2-E870-3D7C-362D-343837B4B0D9}"
EndProject
Project("{FAE04EC0-301F-11D3-BF4B-00C04F79EFBC}") = "com.flipbookgames.scriptinspector3", "com.flipbookgames.scriptinspector3.csproj", "{0DEF63DF-789B-B15D-EB51-8B6197B9F837}"
EndProject
Global
	GlobalSection(SolutionConfigurationPlatforms) = preSolution
		Debug|Any CPU = Debug|Any CPU
		Release|Any CPU = Release|Any CPU
	EndGlobalSection
	GlobalSection(ProjectConfigurationPlatforms) = postSolution
		{23FB9AB2-E870-3D7C-362D-343837B4B0D9}.Debug|Any CPU.ActiveCfg = Debug|Any CPU
		{23FB9AB2-E870-3D7C-362D-343837B4B0D9}.Debug|Any CPU.Build.0 = Debug|Any CPU
		{23FB9AB2-E870-3D7C-362D-343837B4B0D9}.Release|Any CPU.ActiveCfg = Release|Any CPU
		{23FB9AB2-E870-3D7C-362D-343837B4B0D9}.Release|Any CPU.Build.0 = Release|Any CPU
		{0DEF63DF-789B-B15D-EB51-8B6197B9F837}.Debug|Any CPU.ActiveCfg = Debug|Any CPU
		{0DEF63DF-789B-B15D-EB51-8B6197B9F837}.Debug|Any CPU.Build.0 = Debug|Any CPU
		{0DEF63DF-789B-B15D-EB51-8B6197B9F837}.Release|Any CPU.ActiveCfg = Release|Any CPU
		{0DEF63DF-789B-B15D-EB51-8B6197B9F837}.Release|Any CPU.Build.0 = Release|Any CPU
	EndGlobalSection
	GlobalSection(SolutionProperties) = preSolution
		HideSolutionNode = FALSE
	EndGlobalSection
EndGlobal
